
Microsoft Visual Studio Solution File, Format Version 12.00
# Visual Studio Version 17
VisualStudioVersion = 17.4.33103.184
MinimumVisualStudioVersion = 10.0.40219.1
Project("{FAE04EC0-301F-11D3-BF4B-00C04F79EFBC}") = "App", "App\App.csproj", "{C9540492-88E1-4027-9B00-84FF6AE1C1C6}"
EndProject
Project("{FAE04EC0-301F-11D3-BF4B-00C04F79EFBC}") = "DomainLayer", "DomainLayer\DomainLayer.csproj", "{DA94A626-8004-4FD7-AFE8-A1E3A1ADF8D1}"
EndProject
Project("{FAE04EC0-301F-11D3-BF4B-00C04F79EFBC}") = "RepositoryLayer", "RepositoryLayer\RepositoryLayer.csproj", "{680BAF33-A6E9-43DE-9979-BE9595139136}"
EndProject
Global
	GlobalSection(SolutionConfigurationPlatforms) = preSolution
		Debug|Any CPU = Debug|Any CPU
		Release|Any CPU = Release|Any CPU
	EndGlobalSection
	GlobalSection(ProjectConfigurationPlatforms) = postSolution
		{C9540492-88E1-4027-9B00-84FF6AE1C1C6}.Debug|Any CPU.ActiveCfg = Debug|Any CPU
		{C9540492-88E1-4027-9B00-84FF6AE1C1C6}.Debug|Any CPU.Build.0 = Debug|Any CPU
		{C9540492-88E1-4027-9B00-84FF6AE1C1C6}.Release|Any CPU.ActiveCfg = Release|Any CPU
		{C9540492-88E1-4027-9B00-84FF6AE1C1C6}.Release|Any CPU.Build.0 = Release|Any CPU
		{DA94A626-8004-4FD7-AFE8-A1E3A1ADF8D1}.Debug|Any CPU.ActiveCfg = Debug|Any CPU
		{DA94A626-8004-4FD7-AFE8-A1E3A1ADF8D1}.Debug|Any CPU.Build.0 = Debug|Any CPU
		{DA94A626-8004-4FD7-AFE8-A1E3A1ADF8D1}.Release|Any CPU.ActiveCfg = Release|Any CPU
		{DA94A626-8004-4FD7-AFE8-A1E3A1ADF8D1}.Release|Any CPU.Build.0 = Release|Any CPU
		{680BAF33-A6E9-43DE-9979-BE9595139136}.Debug|Any CPU.ActiveCfg = Debug|Any CPU
		{680BAF33-A6E9-43DE-9979-BE9595139136}.Debug|Any CPU.Build.0 = Debug|Any CPU
		{680BAF33-A6E9-43DE-9979-BE9595139136}.Release|Any CPU.ActiveCfg = Release|Any CPU
		{680BAF33-A6E9-43DE-9979-BE9595139136}.Release|Any CPU.Build.0 = Release|Any CPU
	EndGlobalSection
	GlobalSection(SolutionProperties) = preSolution
		HideSolutionNode = FALSE
	EndGlobalSection
	GlobalSection(ExtensibilityGlobals) = postSolution
		SolutionGuid = {7FB3ABF2-D41C-4D0E-BE8E-7BDC95D6FAB2}
	EndGlobalSection
EndGlobal
